
Microsoft Visual Studio Solution File, Format Version 12.00
# Visual Studio 15
VisualStudioVersion = 15.0.26430.15
MinimumVisualStudioVersion = 10.0.40219.1
Project("{2150E333-8FDC-42A3-9474-1A3956D46DE8}") = "src", "src", "{45D13EC5-88F3-403A-8148-0812C2796062}"
EndProject
Project("{2150E333-8FDC-42A3-9474-1A3956D46DE8}") = "test", "test", "{635DB5B1-86B3-4F5B-97A6-04C71D672296}"
EndProject
Project("{9A19103F-16F7-4668-BE54-9A1E7A4F7556}") = "Saritasa.Tools.NLog4", "src\Saritasa.Tools.NLog4\Saritasa.Tools.NLog4.csproj", "{822F4E77-E795-4102-BEE1-B72DCAC6B408}"
EndProject
Project("{9A19103F-16F7-4668-BE54-9A1E7A4F7556}") = "Saritasa.Tools.EFCore1", "src\Saritasa.Tools.EFCore1\Saritasa.Tools.EFCore1.csproj", "{E667F09D-FC4E-4AA6-9FEF-F9EB607CD1BD}"
EndProject
Project("{9A19103F-16F7-4668-BE54-9A1E7A4F7556}") = "Saritasa.Tools.Common", "src\Saritasa.Tools.Common\Saritasa.Tools.Common.csproj", "{2900D88A-2522-4299-8D51-6AF26B74C91C}"
EndProject
Project("{9A19103F-16F7-4668-BE54-9A1E7A4F7556}") = "Saritasa.Tools.Domain", "src\Saritasa.Tools.Domain\Saritasa.Tools.Domain.csproj", "{32A3A81C-A65C-4F78-8300-17151987697C}"
EndProject
Project("{9A19103F-16F7-4668-BE54-9A1E7A4F7556}") = "Saritasa.Tools.Emails", "src\Saritasa.Tools.Emails\Saritasa.Tools.Emails.csproj", "{BAAF1392-6BAC-4220-8149-B207BEFE2FDD}"
EndProject
Project("{9A19103F-16F7-4668-BE54-9A1E7A4F7556}") = "Saritasa.Tools.Messages", "src\Saritasa.Tools.Messages\Saritasa.Tools.Messages.csproj", "{AEE65918-25DF-4A25-BFB8-56552FAA2A51}"
EndProject
Project("{9A19103F-16F7-4668-BE54-9A1E7A4F7556}") = "Saritasa.Tools.Misc", "src\Saritasa.Tools.Misc\Saritasa.Tools.Misc.csproj", "{1C26D4A0-A677-4BA5-B267-3C11BAECB233}"
EndProject
Project("{9A19103F-16F7-4668-BE54-9A1E7A4F7556}") = "Saritasa.Tools.EF6", "src\Saritasa.Tools.EF6\Saritasa.Tools.EF6.csproj", "{D1AD1713-BC18-4340-B8DB-23D86D22FB7F}"
EndProject
Project("{9A19103F-16F7-4668-BE54-9A1E7A4F7556}") = "Saritasa.Tools.Common.Tests", "test\Saritasa.Tools.Common.Tests\Saritasa.Tools.Common.Tests.csproj", "{347E7D34-C497-47D4-97CF-3B7245AB6BDD}"
EndProject
Project("{9A19103F-16F7-4668-BE54-9A1E7A4F7556}") = "Saritasa.Tools.Messages.Tests", "test\Saritasa.Tools.Messages.Tests\Saritasa.Tools.Messages.Tests.csproj", "{84A546BA-C7BE-4CCC-8355-5E15502F6AD2}"
EndProject
Project("{9A19103F-16F7-4668-BE54-9A1E7A4F7556}") = "Saritasa.Tools.Tests", "test\Saritasa.Tools.Tests\Saritasa.Tools.Tests.csproj", "{647E7D34-C497-47D4-97CF-3B7245AB6BDD}"
EndProject
Project("{9A19103F-16F7-4668-BE54-9A1E7A4F7556}") = "Saritasa.Tools.Mvc5", "src\Saritasa.Tools.Mvc5\Saritasa.Tools.Mvc5.csproj", "{6C773C8F-226C-454E-8656-3A6B9BF38476}"
EndProject
Project("{9A19103F-16F7-4668-BE54-9A1E7A4F7556}") = "Saritasa.Tools.Messages.Abstractions", "src\Saritasa.Tools.Messages.Abstractions\Saritasa.Tools.Messages.Abstractions.csproj", "{E16B2300-A1D4-49BB-B3FC-C2891E7D1177}"
EndProject
Project("{FAE04EC0-301F-11D3-BF4B-00C04F79EFBC}") = "Saritasa.Tools.Messages.Benchmark", "test\Saritasa.Tools.Messages.Benchmark\Saritasa.Tools.Messages.Benchmark.csproj", "{6A11CB78-CB88-448A-86F3-C4AFEFEB413A}"
EndProject
Project("{FAE04EC0-301F-11D3-BF4B-00C04F79EFBC}") = "Saritasa.Tools.Messages.TestRuns", "src\Saritasa.Tools.Messages.TestRuns\Saritasa.Tools.Messages.TestRuns.csproj", "{8B67CEBE-634D-4A99-9A77-A98146C52E13}"
EndProject
Global
	GlobalSection(SolutionConfigurationPlatforms) = preSolution
		Debug|Any CPU = Debug|Any CPU
		Release|Any CPU = Release|Any CPU
	EndGlobalSection
	GlobalSection(ProjectConfigurationPlatforms) = postSolution
		{822F4E77-E795-4102-BEE1-B72DCAC6B408}.Debug|Any CPU.ActiveCfg = Debug|Any CPU
		{822F4E77-E795-4102-BEE1-B72DCAC6B408}.Debug|Any CPU.Build.0 = Debug|Any CPU
		{822F4E77-E795-4102-BEE1-B72DCAC6B408}.Release|Any CPU.ActiveCfg = Release|Any CPU
		{822F4E77-E795-4102-BEE1-B72DCAC6B408}.Release|Any CPU.Build.0 = Release|Any CPU
		{E667F09D-FC4E-4AA6-9FEF-F9EB607CD1BD}.Debug|Any CPU.ActiveCfg = Debug|Any CPU
		{E667F09D-FC4E-4AA6-9FEF-F9EB607CD1BD}.Debug|Any CPU.Build.0 = Debug|Any CPU
		{E667F09D-FC4E-4AA6-9FEF-F9EB607CD1BD}.Release|Any CPU.ActiveCfg = Release|Any CPU
		{E667F09D-FC4E-4AA6-9FEF-F9EB607CD1BD}.Release|Any CPU.Build.0 = Release|Any CPU
		{2900D88A-2522-4299-8D51-6AF26B74C91C}.Debug|Any CPU.ActiveCfg = Debug|Any CPU
		{2900D88A-2522-4299-8D51-6AF26B74C91C}.Debug|Any CPU.Build.0 = Debug|Any CPU
		{2900D88A-2522-4299-8D51-6AF26B74C91C}.Release|Any CPU.ActiveCfg = Release|Any CPU
		{2900D88A-2522-4299-8D51-6AF26B74C91C}.Release|Any CPU.Build.0 = Release|Any CPU
		{32A3A81C-A65C-4F78-8300-17151987697C}.Debug|Any CPU.ActiveCfg = Debug|Any CPU
		{32A3A81C-A65C-4F78-8300-17151987697C}.Debug|Any CPU.Build.0 = Debug|Any CPU
		{32A3A81C-A65C-4F78-8300-17151987697C}.Release|Any CPU.ActiveCfg = Release|Any CPU
		{32A3A81C-A65C-4F78-8300-17151987697C}.Release|Any CPU.Build.0 = Release|Any CPU
		{BAAF1392-6BAC-4220-8149-B207BEFE2FDD}.Debug|Any CPU.ActiveCfg = Debug|Any CPU
		{BAAF1392-6BAC-4220-8149-B207BEFE2FDD}.Debug|Any CPU.Build.0 = Debug|Any CPU
		{BAAF1392-6BAC-4220-8149-B207BEFE2FDD}.Release|Any CPU.ActiveCfg = Release|Any CPU
		{BAAF1392-6BAC-4220-8149-B207BEFE2FDD}.Release|Any CPU.Build.0 = Release|Any CPU
		{AEE65918-25DF-4A25-BFB8-56552FAA2A51}.Debug|Any CPU.ActiveCfg = Debug|Any CPU
		{AEE65918-25DF-4A25-BFB8-56552FAA2A51}.Debug|Any CPU.Build.0 = Debug|Any CPU
		{AEE65918-25DF-4A25-BFB8-56552FAA2A51}.Release|Any CPU.ActiveCfg = Release|Any CPU
		{AEE65918-25DF-4A25-BFB8-56552FAA2A51}.Release|Any CPU.Build.0 = Release|Any CPU
		{1C26D4A0-A677-4BA5-B267-3C11BAECB233}.Debug|Any CPU.ActiveCfg = Debug|Any CPU
		{1C26D4A0-A677-4BA5-B267-3C11BAECB233}.Debug|Any CPU.Build.0 = Debug|Any CPU
		{1C26D4A0-A677-4BA5-B267-3C11BAECB233}.Release|Any CPU.ActiveCfg = Release|Any CPU
		{1C26D4A0-A677-4BA5-B267-3C11BAECB233}.Release|Any CPU.Build.0 = Release|Any CPU
		{D1AD1713-BC18-4340-B8DB-23D86D22FB7F}.Debug|Any CPU.ActiveCfg = Debug|Any CPU
		{D1AD1713-BC18-4340-B8DB-23D86D22FB7F}.Debug|Any CPU.Build.0 = Debug|Any CPU
		{D1AD1713-BC18-4340-B8DB-23D86D22FB7F}.Release|Any CPU.ActiveCfg = Release|Any CPU
		{D1AD1713-BC18-4340-B8DB-23D86D22FB7F}.Release|Any CPU.Build.0 = Release|Any CPU
		{347E7D34-C497-47D4-97CF-3B7245AB6BDD}.Debug|Any CPU.ActiveCfg = Debug|Any CPU
		{347E7D34-C497-47D4-97CF-3B7245AB6BDD}.Debug|Any CPU.Build.0 = Debug|Any CPU
		{347E7D34-C497-47D4-97CF-3B7245AB6BDD}.Release|Any CPU.ActiveCfg = Release|Any CPU
		{347E7D34-C497-47D4-97CF-3B7245AB6BDD}.Release|Any CPU.Build.0 = Release|Any CPU
		{84A546BA-C7BE-4CCC-8355-5E15502F6AD2}.Debug|Any CPU.ActiveCfg = Debug|Any CPU
		{84A546BA-C7BE-4CCC-8355-5E15502F6AD2}.Debug|Any CPU.Build.0 = Debug|Any CPU
		{84A546BA-C7BE-4CCC-8355-5E15502F6AD2}.Release|Any CPU.ActiveCfg = Release|Any CPU
		{84A546BA-C7BE-4CCC-8355-5E15502F6AD2}.Release|Any CPU.Build.0 = Release|Any CPU
		{647E7D34-C497-47D4-97CF-3B7245AB6BDD}.Debug|Any CPU.ActiveCfg = Debug|Any CPU
		{647E7D34-C497-47D4-97CF-3B7245AB6BDD}.Debug|Any CPU.Build.0 = Debug|Any CPU
		{647E7D34-C497-47D4-97CF-3B7245AB6BDD}.Release|Any CPU.ActiveCfg = Release|Any CPU
		{647E7D34-C497-47D4-97CF-3B7245AB6BDD}.Release|Any CPU.Build.0 = Release|Any CPU
		{6C773C8F-226C-454E-8656-3A6B9BF38476}.Debug|Any CPU.ActiveCfg = Debug|Any CPU
		{6C773C8F-226C-454E-8656-3A6B9BF38476}.Debug|Any CPU.Build.0 = Debug|Any CPU
		{6C773C8F-226C-454E-8656-3A6B9BF38476}.Release|Any CPU.ActiveCfg = Release|Any CPU
		{6C773C8F-226C-454E-8656-3A6B9BF38476}.Release|Any CPU.Build.0 = Release|Any CPU
		{E16B2300-A1D4-49BB-B3FC-C2891E7D1177}.Debug|Any CPU.ActiveCfg = Debug|Any CPU
		{E16B2300-A1D4-49BB-B3FC-C2891E7D1177}.Debug|Any CPU.Build.0 = Debug|Any CPU
		{E16B2300-A1D4-49BB-B3FC-C2891E7D1177}.Release|Any CPU.ActiveCfg = Debug|Any CPU
		{E16B2300-A1D4-49BB-B3FC-C2891E7D1177}.Release|Any CPU.Build.0 = Debug|Any CPU
		{6A11CB78-CB88-448A-86F3-C4AFEFEB413A}.Debug|Any CPU.ActiveCfg = Debug|Any CPU
		{6A11CB78-CB88-448A-86F3-C4AFEFEB413A}.Debug|Any CPU.Build.0 = Debug|Any CPU
		{6A11CB78-CB88-448A-86F3-C4AFEFEB413A}.Release|Any CPU.ActiveCfg = Release|Any CPU
		{6A11CB78-CB88-448A-86F3-C4AFEFEB413A}.Release|Any CPU.Build.0 = Release|Any CPU
		{8B67CEBE-634D-4A99-9A77-A98146C52E13}.Debug|Any CPU.ActiveCfg = Debug|Any CPU
		{8B67CEBE-634D-4A99-9A77-A98146C52E13}.Debug|Any CPU.Build.0 = Debug|Any CPU
		{8B67CEBE-634D-4A99-9A77-A98146C52E13}.Release|Any CPU.ActiveCfg = Release|Any CPU
		{8B67CEBE-634D-4A99-9A77-A98146C52E13}.Release|Any CPU.Build.0 = Release|Any CPU
	EndGlobalSection
	GlobalSection(SolutionProperties) = preSolution
		HideSolutionNode = FALSE
	EndGlobalSection
	GlobalSection(NestedProjects) = preSolution
		{822F4E77-E795-4102-BEE1-B72DCAC6B408} = {45D13EC5-88F3-403A-8148-0812C2796062}
		{E667F09D-FC4E-4AA6-9FEF-F9EB607CD1BD} = {45D13EC5-88F3-403A-8148-0812C2796062}
		{2900D88A-2522-4299-8D51-6AF26B74C91C} = {45D13EC5-88F3-403A-8148-0812C2796062}
		{32A3A81C-A65C-4F78-8300-17151987697C} = {45D13EC5-88F3-403A-8148-0812C2796062}
		{BAAF1392-6BAC-4220-8149-B207BEFE2FDD} = {45D13EC5-88F3-403A-8148-0812C2796062}
		{AEE65918-25DF-4A25-BFB8-56552FAA2A51} = {45D13EC5-88F3-403A-8148-0812C2796062}
		{1C26D4A0-A677-4BA5-B267-3C11BAECB233} = {45D13EC5-88F3-403A-8148-0812C2796062}
		{D1AD1713-BC18-4340-B8DB-23D86D22FB7F} = {45D13EC5-88F3-403A-8148-0812C2796062}
		{347E7D34-C497-47D4-97CF-3B7245AB6BDD} = {635DB5B1-86B3-4F5B-97A6-04C71D672296}
		{84A546BA-C7BE-4CCC-8355-5E15502F6AD2} = {635DB5B1-86B3-4F5B-97A6-04C71D672296}
		{647E7D34-C497-47D4-97CF-3B7245AB6BDD} = {635DB5B1-86B3-4F5B-97A6-04C71D672296}
		{6C773C8F-226C-454E-8656-3A6B9BF38476} = {45D13EC5-88F3-403A-8148-0812C2796062}
		{E16B2300-A1D4-49BB-B3FC-C2891E7D1177} = {45D13EC5-88F3-403A-8148-0812C2796062}
		{6A11CB78-CB88-448A-86F3-C4AFEFEB413A} = {635DB5B1-86B3-4F5B-97A6-04C71D672296}
		{8B67CEBE-634D-4A99-9A77-A98146C52E13} = {45D13EC5-88F3-403A-8148-0812C2796062}
	EndGlobalSection
EndGlobal
