
Microsoft Visual Studio Solution File, Format Version 12.00
# Visual Studio 15
VisualStudioVersion = 15.0.27130.2003
MinimumVisualStudioVersion = 10.0.40219.1
Project("{2150E333-8FDC-42A3-9474-1A3956D46DE8}") = "src", "src", "{45D13EC5-88F3-403A-8148-0812C2796062}"
EndProject
Project("{2150E333-8FDC-42A3-9474-1A3956D46DE8}") = "test", "test", "{635DB5B1-86B3-4F5B-97A6-04C71D672296}"
EndProject
Project("{9A19103F-16F7-4668-BE54-9A1E7A4F7556}") = "Saritasa.Tools.Messages", "src\Saritasa.Tools.Messages\Saritasa.Tools.Messages.csproj", "{AEE65918-25DF-4A25-BFB8-56552FAA2A51}"
EndProject
Project("{9A19103F-16F7-4668-BE54-9A1E7A4F7556}") = "Saritasa.Tools.Messages.Tests", "test\Saritasa.Tools.Messages.Tests\Saritasa.Tools.Messages.Tests.csproj", "{84A546BA-C7BE-4CCC-8355-5E15502F6AD2}"
EndProject
Project("{9A19103F-16F7-4668-BE54-9A1E7A4F7556}") = "Saritasa.Tools.Messages.Abstractions", "src\Saritasa.Tools.Messages.Abstractions\Saritasa.Tools.Messages.Abstractions.csproj", "{E16B2300-A1D4-49BB-B3FC-C2891E7D1177}"
EndProject
Project("{9A19103F-16F7-4668-BE54-9A1E7A4F7556}") = "Saritasa.Tools.Messages.Benchmark", "test\Saritasa.Tools.Messages.Benchmark\Saritasa.Tools.Messages.Benchmark.csproj", "{6A11CB78-CB88-448A-86F3-C4AFEFEB413A}"
EndProject
Project("{9A19103F-16F7-4668-BE54-9A1E7A4F7556}") = "Saritasa.Tools.Messages.TestRuns", "src\Saritasa.Tools.Messages.TestRuns\Saritasa.Tools.Messages.TestRuns.csproj", "{8B67CEBE-634D-4A99-9A77-A98146C52E13}"
EndProject
Global
	GlobalSection(SolutionConfigurationPlatforms) = preSolution
		Debug|Any CPU = Debug|Any CPU
		Release|Any CPU = Release|Any CPU
	EndGlobalSection
	GlobalSection(ProjectConfigurationPlatforms) = postSolution
		{AEE65918-25DF-4A25-BFB8-56552FAA2A51}.Debug|Any CPU.ActiveCfg = Debug|Any CPU
		{AEE65918-25DF-4A25-BFB8-56552FAA2A51}.Debug|Any CPU.Build.0 = Debug|Any CPU
		{AEE65918-25DF-4A25-BFB8-56552FAA2A51}.Release|Any CPU.ActiveCfg = Release|Any CPU
		{AEE65918-25DF-4A25-BFB8-56552FAA2A51}.Release|Any CPU.Build.0 = Release|Any CPU
		{84A546BA-C7BE-4CCC-8355-5E15502F6AD2}.Debug|Any CPU.ActiveCfg = Debug|Any CPU
		{84A546BA-C7BE-4CCC-8355-5E15502F6AD2}.Debug|Any CPU.Build.0 = Debug|Any CPU
		{84A546BA-C7BE-4CCC-8355-5E15502F6AD2}.Release|Any CPU.ActiveCfg = Release|Any CPU
		{84A546BA-C7BE-4CCC-8355-5E15502F6AD2}.Release|Any CPU.Build.0 = Release|Any CPU
		{E16B2300-A1D4-49BB-B3FC-C2891E7D1177}.Debug|Any CPU.ActiveCfg = Debug|Any CPU
		{E16B2300-A1D4-49BB-B3FC-C2891E7D1177}.Debug|Any CPU.Build.0 = Debug|Any CPU
		{E16B2300-A1D4-49BB-B3FC-C2891E7D1177}.Release|Any CPU.ActiveCfg = Release|Any CPU
		{E16B2300-A1D4-49BB-B3FC-C2891E7D1177}.Release|Any CPU.Build.0 = Release|Any CPU
		{6A11CB78-CB88-448A-86F3-C4AFEFEB413A}.Debug|Any CPU.ActiveCfg = Debug|Any CPU
		{6A11CB78-CB88-448A-86F3-C4AFEFEB413A}.Debug|Any CPU.Build.0 = Debug|Any CPU
		{6A11CB78-CB88-448A-86F3-C4AFEFEB413A}.Release|Any CPU.ActiveCfg = Release|Any CPU
		{6A11CB78-CB88-448A-86F3-C4AFEFEB413A}.Release|Any CPU.Build.0 = Release|Any CPU
		{8B67CEBE-634D-4A99-9A77-A98146C52E13}.Debug|Any CPU.ActiveCfg = Debug|Any CPU
		{8B67CEBE-634D-4A99-9A77-A98146C52E13}.Debug|Any CPU.Build.0 = Debug|Any CPU
		{8B67CEBE-634D-4A99-9A77-A98146C52E13}.Release|Any CPU.ActiveCfg = Release|Any CPU
		{8B67CEBE-634D-4A99-9A77-A98146C52E13}.Release|Any CPU.Build.0 = Release|Any CPU
	EndGlobalSection
	GlobalSection(SolutionProperties) = preSolution
		HideSolutionNode = FALSE
	EndGlobalSection
	GlobalSection(NestedProjects) = preSolution
		{AEE65918-25DF-4A25-BFB8-56552FAA2A51} = {45D13EC5-88F3-403A-8148-0812C2796062}
		{84A546BA-C7BE-4CCC-8355-5E15502F6AD2} = {635DB5B1-86B3-4F5B-97A6-04C71D672296}
		{E16B2300-A1D4-49BB-B3FC-C2891E7D1177} = {45D13EC5-88F3-403A-8148-0812C2796062}
		{6A11CB78-CB88-448A-86F3-C4AFEFEB413A} = {635DB5B1-86B3-4F5B-97A6-04C71D672296}
		{8B67CEBE-634D-4A99-9A77-A98146C52E13} = {45D13EC5-88F3-403A-8148-0812C2796062}
	EndGlobalSection
	GlobalSection(ExtensibilityGlobals) = postSolution
		SolutionGuid = {F298C89B-4162-49D5-B517-5306BD58DB59}
	EndGlobalSection
EndGlobal
