Microsoft Visual Studio Solution File, Format Version 12.00
# Visual Studio 14
VisualStudioVersion = 14.0.25420.1
MinimumVisualStudioVersion = 10.0.40219.1
Project("{FAE04EC0-301F-11D3-BF4B-00C04F79EFBC}") = "Saritasa.Tools.Ef6", "src\Saritasa.Tools.Ef6\Saritasa.Tools.Ef6.csproj", "{D1AD1713-BC18-4340-B8DB-23D86D22FB7F}"
EndProject
Project("{FAE04EC0-301F-11D3-BF4B-00C04F79EFBC}") = "Saritasa.Tools.Mvc5", "src\Saritasa.Tools.Mvc5\Saritasa.Tools.Mvc5.csproj", "{6C773C8F-226C-454E-8656-3A6B9BF38476}"
EndProject
Project("{FAE04EC0-301F-11D3-BF4B-00C04F79EFBC}") = "Saritasa.Tools.NLog4", "src\Saritasa.Tools.NLog4\Saritasa.Tools.NLog4.csproj", "{83D4925B-B04F-4C9C-8BF1-9B6A6BE0A87D}"
EndProject
Project("{FAE04EC0-301F-11D3-BF4B-00C04F79EFBC}") = "Saritasa.Tools.Messages.Benchmark", "src\Saritasa.Tools.Messages.Benchmark\Saritasa.Tools.Messages.Benchmark.csproj", "{6A11CB78-CB88-448A-86F3-C4AFEFEB413A}"
EndProject
Project("{FAE04EC0-301F-11D3-BF4B-00C04F79EFBC}") = "Saritasa.Tools.Messages", "src\Saritasa.Tools.Messages\Saritasa.Tools.Messages.csproj", "{AEE65918-25DF-4A25-BFB8-56552FAA2A51}"
EndProject
Project("{FAE04EC0-301F-11D3-BF4B-00C04F79EFBC}") = "Saritasa.Tools.Misc", "src\Saritasa.Tools.Misc\Saritasa.Tools.Misc.csproj", "{1C26D4A0-A677-4BA5-B267-3C11BAECB233}"
EndProject
Project("{FAE04EC0-301F-11D3-BF4B-00C04F79EFBC}") = "Saritasa.Tools.Emails", "src\Saritasa.Tools.Emails\Saritasa.Tools.Emails.csproj", "{BAAF1392-6BAC-4220-8149-B207BEFE2FDD}"
EndProject
Project("{FAE04EC0-301F-11D3-BF4B-00C04F79EFBC}") = "Saritasa.Tools.Domain", "src\Saritasa.Tools.Domain\Saritasa.Tools.Domain.csproj", "{32A3A81C-A65C-4F78-8300-17151987697C}"
EndProject
Project("{FAE04EC0-301F-11D3-BF4B-00C04F79EFBC}") = "Saritasa.Tools.Common", "src\Saritasa.Tools.Common\Saritasa.Tools.Common.csproj", "{2900D88A-2522-4299-8D51-6AF26B74C91C}"
EndProject
Project("{2150E333-8FDC-42A3-9474-1A3956D46DE8}") = "Source", "Source", "{59041E71-0E53-412B-9248-19C37CC3ACAF}"
EndProject
Project("{2150E333-8FDC-42A3-9474-1A3956D46DE8}") = "Tests", "Tests", "{E61EC742-F3B0-478C-89A7-DBD95587388D}"
EndProject
Project("{FAE04EC0-301F-11D3-BF4B-00C04F79EFBC}") = "Saritasa.Tools.Messages.Abstractions", "src\Saritasa.Tools.Messages.Abstractions\Saritasa.Tools.Messages.Abstractions.csproj", "{E16B2300-A1D4-49BB-B3FC-C2891E7D1177}"
EndProject
Global
	GlobalSection(SolutionConfigurationPlatforms) = preSolution
		Debug|Any CPU = Debug|Any CPU
		Debug|x86 = Debug|x86
		Release|Any CPU = Release|Any CPU
		Release|x86 = Release|x86
	EndGlobalSection
	GlobalSection(ProjectConfigurationPlatforms) = postSolution
		{D1AD1713-BC18-4340-B8DB-23D86D22FB7F}.Debug|Any CPU.ActiveCfg = Debug|Any CPU
		{D1AD1713-BC18-4340-B8DB-23D86D22FB7F}.Debug|Any CPU.Build.0 = Debug|Any CPU
		{D1AD1713-BC18-4340-B8DB-23D86D22FB7F}.Debug|x86.ActiveCfg = Debug|Any CPU
		{D1AD1713-BC18-4340-B8DB-23D86D22FB7F}.Debug|x86.Build.0 = Debug|Any CPU
		{D1AD1713-BC18-4340-B8DB-23D86D22FB7F}.Release|Any CPU.ActiveCfg = Release|Any CPU
		{D1AD1713-BC18-4340-B8DB-23D86D22FB7F}.Release|Any CPU.Build.0 = Release|Any CPU
		{D1AD1713-BC18-4340-B8DB-23D86D22FB7F}.Release|x86.ActiveCfg = Release|Any CPU
		{D1AD1713-BC18-4340-B8DB-23D86D22FB7F}.Release|x86.Build.0 = Release|Any CPU
		{6C773C8F-226C-454E-8656-3A6B9BF38476}.Debug|Any CPU.ActiveCfg = Debug|Any CPU
		{6C773C8F-226C-454E-8656-3A6B9BF38476}.Debug|Any CPU.Build.0 = Debug|Any CPU
		{6C773C8F-226C-454E-8656-3A6B9BF38476}.Debug|x86.ActiveCfg = Debug|Any CPU
		{6C773C8F-226C-454E-8656-3A6B9BF38476}.Debug|x86.Build.0 = Debug|Any CPU
		{6C773C8F-226C-454E-8656-3A6B9BF38476}.Release|Any CPU.ActiveCfg = Release|Any CPU
		{6C773C8F-226C-454E-8656-3A6B9BF38476}.Release|Any CPU.Build.0 = Release|Any CPU
		{6C773C8F-226C-454E-8656-3A6B9BF38476}.Release|x86.ActiveCfg = Release|Any CPU
		{6C773C8F-226C-454E-8656-3A6B9BF38476}.Release|x86.Build.0 = Release|Any CPU
		{83D4925B-B04F-4C9C-8BF1-9B6A6BE0A87D}.Debug|Any CPU.ActiveCfg = Debug|Any CPU
		{83D4925B-B04F-4C9C-8BF1-9B6A6BE0A87D}.Debug|Any CPU.Build.0 = Debug|Any CPU
		{83D4925B-B04F-4C9C-8BF1-9B6A6BE0A87D}.Debug|x86.ActiveCfg = Debug|Any CPU
		{83D4925B-B04F-4C9C-8BF1-9B6A6BE0A87D}.Debug|x86.Build.0 = Debug|Any CPU
		{83D4925B-B04F-4C9C-8BF1-9B6A6BE0A87D}.Release|Any CPU.ActiveCfg = Release|Any CPU
		{83D4925B-B04F-4C9C-8BF1-9B6A6BE0A87D}.Release|Any CPU.Build.0 = Release|Any CPU
		{83D4925B-B04F-4C9C-8BF1-9B6A6BE0A87D}.Release|x86.ActiveCfg = Release|Any CPU
		{83D4925B-B04F-4C9C-8BF1-9B6A6BE0A87D}.Release|x86.Build.0 = Release|Any CPU
		{6A11CB78-CB88-448A-86F3-C4AFEFEB413A}.Debug|Any CPU.ActiveCfg = Debug|Any CPU
		{6A11CB78-CB88-448A-86F3-C4AFEFEB413A}.Debug|Any CPU.Build.0 = Debug|Any CPU
		{6A11CB78-CB88-448A-86F3-C4AFEFEB413A}.Debug|x86.ActiveCfg = Debug|Any CPU
		{6A11CB78-CB88-448A-86F3-C4AFEFEB413A}.Debug|x86.Build.0 = Debug|Any CPU
		{6A11CB78-CB88-448A-86F3-C4AFEFEB413A}.Release|Any CPU.ActiveCfg = Release|Any CPU
		{6A11CB78-CB88-448A-86F3-C4AFEFEB413A}.Release|Any CPU.Build.0 = Release|Any CPU
		{6A11CB78-CB88-448A-86F3-C4AFEFEB413A}.Release|x86.ActiveCfg = Release|Any CPU
		{6A11CB78-CB88-448A-86F3-C4AFEFEB413A}.Release|x86.Build.0 = Release|Any CPU
		{AEE65918-25DF-4A25-BFB8-56552FAA2A51}.Debug|Any CPU.ActiveCfg = Debug|Any CPU
		{AEE65918-25DF-4A25-BFB8-56552FAA2A51}.Debug|Any CPU.Build.0 = Debug|Any CPU
		{AEE65918-25DF-4A25-BFB8-56552FAA2A51}.Debug|x86.ActiveCfg = Debug|Any CPU
		{AEE65918-25DF-4A25-BFB8-56552FAA2A51}.Debug|x86.Build.0 = Debug|Any CPU
		{AEE65918-25DF-4A25-BFB8-56552FAA2A51}.Release|Any CPU.ActiveCfg = Release|Any CPU
		{AEE65918-25DF-4A25-BFB8-56552FAA2A51}.Release|Any CPU.Build.0 = Release|Any CPU
		{AEE65918-25DF-4A25-BFB8-56552FAA2A51}.Release|x86.ActiveCfg = Release|Any CPU
		{AEE65918-25DF-4A25-BFB8-56552FAA2A51}.Release|x86.Build.0 = Release|Any CPU
		{1C26D4A0-A677-4BA5-B267-3C11BAECB233}.Debug|Any CPU.ActiveCfg = Debug|Any CPU
		{1C26D4A0-A677-4BA5-B267-3C11BAECB233}.Debug|Any CPU.Build.0 = Debug|Any CPU
		{1C26D4A0-A677-4BA5-B267-3C11BAECB233}.Debug|x86.ActiveCfg = Debug|Any CPU
		{1C26D4A0-A677-4BA5-B267-3C11BAECB233}.Debug|x86.Build.0 = Debug|Any CPU
		{1C26D4A0-A677-4BA5-B267-3C11BAECB233}.Release|Any CPU.ActiveCfg = Release|Any CPU
		{1C26D4A0-A677-4BA5-B267-3C11BAECB233}.Release|Any CPU.Build.0 = Release|Any CPU
		{1C26D4A0-A677-4BA5-B267-3C11BAECB233}.Release|x86.ActiveCfg = Release|Any CPU
		{1C26D4A0-A677-4BA5-B267-3C11BAECB233}.Release|x86.Build.0 = Release|Any CPU
		{BAAF1392-6BAC-4220-8149-B207BEFE2FDD}.Debug|Any CPU.ActiveCfg = Debug|Any CPU
		{BAAF1392-6BAC-4220-8149-B207BEFE2FDD}.Debug|Any CPU.Build.0 = Debug|Any CPU
		{BAAF1392-6BAC-4220-8149-B207BEFE2FDD}.Debug|x86.ActiveCfg = Debug|Any CPU
		{BAAF1392-6BAC-4220-8149-B207BEFE2FDD}.Debug|x86.Build.0 = Debug|Any CPU
		{BAAF1392-6BAC-4220-8149-B207BEFE2FDD}.Release|Any CPU.ActiveCfg = Release|Any CPU
		{BAAF1392-6BAC-4220-8149-B207BEFE2FDD}.Release|Any CPU.Build.0 = Release|Any CPU
		{BAAF1392-6BAC-4220-8149-B207BEFE2FDD}.Release|x86.ActiveCfg = Release|Any CPU
		{BAAF1392-6BAC-4220-8149-B207BEFE2FDD}.Release|x86.Build.0 = Release|Any CPU
		{32A3A81C-A65C-4F78-8300-17151987697C}.Debug|Any CPU.ActiveCfg = Debug|Any CPU
		{32A3A81C-A65C-4F78-8300-17151987697C}.Debug|Any CPU.Build.0 = Debug|Any CPU
		{32A3A81C-A65C-4F78-8300-17151987697C}.Debug|x86.ActiveCfg = Debug|Any CPU
		{32A3A81C-A65C-4F78-8300-17151987697C}.Debug|x86.Build.0 = Debug|Any CPU
		{32A3A81C-A65C-4F78-8300-17151987697C}.Release|Any CPU.ActiveCfg = Release|Any CPU
		{32A3A81C-A65C-4F78-8300-17151987697C}.Release|Any CPU.Build.0 = Release|Any CPU
		{32A3A81C-A65C-4F78-8300-17151987697C}.Release|x86.ActiveCfg = Release|Any CPU
		{32A3A81C-A65C-4F78-8300-17151987697C}.Release|x86.Build.0 = Release|Any CPU
		{2900D88A-2522-4299-8D51-6AF26B74C91C}.Debug|Any CPU.ActiveCfg = Debug|Any CPU
		{2900D88A-2522-4299-8D51-6AF26B74C91C}.Debug|Any CPU.Build.0 = Debug|Any CPU
		{2900D88A-2522-4299-8D51-6AF26B74C91C}.Debug|x86.ActiveCfg = Debug|Any CPU
		{2900D88A-2522-4299-8D51-6AF26B74C91C}.Debug|x86.Build.0 = Debug|Any CPU
		{2900D88A-2522-4299-8D51-6AF26B74C91C}.Release|Any CPU.ActiveCfg = Release|Any CPU
		{2900D88A-2522-4299-8D51-6AF26B74C91C}.Release|Any CPU.Build.0 = Release|Any CPU
		{2900D88A-2522-4299-8D51-6AF26B74C91C}.Release|x86.ActiveCfg = Release|Any CPU
		{2900D88A-2522-4299-8D51-6AF26B74C91C}.Release|x86.Build.0 = Release|Any CPU
		{E16B2300-A1D4-49BB-B3FC-C2891E7D1177}.Debug|Any CPU.ActiveCfg = Debug|Any CPU
		{E16B2300-A1D4-49BB-B3FC-C2891E7D1177}.Debug|Any CPU.Build.0 = Debug|Any CPU
		{E16B2300-A1D4-49BB-B3FC-C2891E7D1177}.Debug|x86.ActiveCfg = Debug|Any CPU
		{E16B2300-A1D4-49BB-B3FC-C2891E7D1177}.Debug|x86.Build.0 = Debug|Any CPU
		{E16B2300-A1D4-49BB-B3FC-C2891E7D1177}.Release|Any CPU.ActiveCfg = Release|Any CPU
		{E16B2300-A1D4-49BB-B3FC-C2891E7D1177}.Release|Any CPU.Build.0 = Release|Any CPU
		{E16B2300-A1D4-49BB-B3FC-C2891E7D1177}.Release|x86.ActiveCfg = Release|Any CPU
		{E16B2300-A1D4-49BB-B3FC-C2891E7D1177}.Release|x86.Build.0 = Release|Any CPU
	EndGlobalSection
	GlobalSection(SolutionProperties) = preSolution
		HideSolutionNode = FALSE
	EndGlobalSection
	GlobalSection(NestedProjects) = preSolution
		{D1AD1713-BC18-4340-B8DB-23D86D22FB7F} = {59041E71-0E53-412B-9248-19C37CC3ACAF}
		{6C773C8F-226C-454E-8656-3A6B9BF38476} = {59041E71-0E53-412B-9248-19C37CC3ACAF}
		{83D4925B-B04F-4C9C-8BF1-9B6A6BE0A87D} = {59041E71-0E53-412B-9248-19C37CC3ACAF}
		{6A11CB78-CB88-448A-86F3-C4AFEFEB413A} = {E61EC742-F3B0-478C-89A7-DBD95587388D}
		{AEE65918-25DF-4A25-BFB8-56552FAA2A51} = {59041E71-0E53-412B-9248-19C37CC3ACAF}
		{1C26D4A0-A677-4BA5-B267-3C11BAECB233} = {59041E71-0E53-412B-9248-19C37CC3ACAF}
		{BAAF1392-6BAC-4220-8149-B207BEFE2FDD} = {59041E71-0E53-412B-9248-19C37CC3ACAF}
		{32A3A81C-A65C-4F78-8300-17151987697C} = {59041E71-0E53-412B-9248-19C37CC3ACAF}
		{2900D88A-2522-4299-8D51-6AF26B74C91C} = {59041E71-0E53-412B-9248-19C37CC3ACAF}
		{E16B2300-A1D4-49BB-B3FC-C2891E7D1177} = {59041E71-0E53-412B-9248-19C37CC3ACAF}
	EndGlobalSection
EndGlobal
