
Microsoft Visual Studio Solution File, Format Version 12.00
# Visual Studio Version 16
VisualStudioVersion = 16.0.29613.14
MinimumVisualStudioVersion = 10.0.40219.1
Project("{2150E333-8FDC-42A3-9474-1A3956D46DE8}") = "src", "src", "{45D13EC5-88F3-403A-8148-0812C2796062}"
EndProject
Project("{2150E333-8FDC-42A3-9474-1A3956D46DE8}") = "test", "test", "{635DB5B1-86B3-4F5B-97A6-04C71D672296}"
EndProject
Project("{9A19103F-16F7-4668-BE54-9A1E7A4F7556}") = "Saritasa.Tools.Common", "src\Saritasa.Tools.Common\Saritasa.Tools.Common.csproj", "{2900D88A-2522-4299-8D51-6AF26B74C91C}"
EndProject
Project("{9A19103F-16F7-4668-BE54-9A1E7A4F7556}") = "Saritasa.Tools.Domain", "src\Saritasa.Tools.Domain\Saritasa.Tools.Domain.csproj", "{32A3A81C-A65C-4F78-8300-17151987697C}"
EndProject
Project("{9A19103F-16F7-4668-BE54-9A1E7A4F7556}") = "Saritasa.Tools.Emails", "src\Saritasa.Tools.Emails\Saritasa.Tools.Emails.csproj", "{BAAF1392-6BAC-4220-8149-B207BEFE2FDD}"
EndProject
Project("{9A19103F-16F7-4668-BE54-9A1E7A4F7556}") = "Saritasa.Tools.Misc", "src\Saritasa.Tools.Misc\Saritasa.Tools.Misc.csproj", "{1C26D4A0-A677-4BA5-B267-3C11BAECB233}"
EndProject
Project("{9A19103F-16F7-4668-BE54-9A1E7A4F7556}") = "Saritasa.Tools.EF6", "src\Saritasa.Tools.EF6\Saritasa.Tools.EF6.csproj", "{D1AD1713-BC18-4340-B8DB-23D86D22FB7F}"
EndProject
Project("{9A19103F-16F7-4668-BE54-9A1E7A4F7556}") = "Saritasa.Tools.Common.Tests", "test\Saritasa.Tools.Common.Tests\Saritasa.Tools.Common.Tests.csproj", "{347E7D34-C497-47D4-97CF-3B7245AB6BDD}"
EndProject
Project("{9A19103F-16F7-4668-BE54-9A1E7A4F7556}") = "Saritasa.Tools.Tests", "test\Saritasa.Tools.Tests\Saritasa.Tools.Tests.csproj", "{647E7D34-C497-47D4-97CF-3B7245AB6BDD}"
EndProject
Project("{9A19103F-16F7-4668-BE54-9A1E7A4F7556}") = "Saritasa.Tools.Domain.Tests", "test\Saritasa.Tools.Domain.Tests\Saritasa.Tools.Domain.Tests.csproj", "{C822750F-1D0D-434A-93E1-928A2D693F5B}"
EndProject
Project("{9A19103F-16F7-4668-BE54-9A1E7A4F7556}") = "Saritasa.Tools.EFCore5", "src\Saritasa.Tools.EFCore5\Saritasa.Tools.EFCore5.csproj", "{18DD7882-E4F8-4704-BA5D-80B5F811919F}"
EndProject
Project("{9A19103F-16F7-4668-BE54-9A1E7A4F7556}") = "Saritasa.Tools.EFCore3", "src\Saritasa.Tools.EFCore3\Saritasa.Tools.EFCore3.csproj", "{66037F7C-03F2-4342-8023-26297304F8A3}"
EndProject
Project("{9A19103F-16F7-4668-BE54-9A1E7A4F7556}") = "Saritasa.Tools.Benchmarks", "test\Saritasa.Tools.Benchmarks\Saritasa.Tools.Benchmarks.csproj", "{A8DD531A-243E-4B9B-B13B-791293F05989}"
EndProject
Project("{2150E333-8FDC-42A3-9474-1A3956D46DE8}") = "Solution Items", "Solution Items", "{5603D970-F127-436F-A69E-FCBC2EEA3EC8}"
	ProjectSection(SolutionItems) = preProject
		.editorconfig = .editorconfig
	EndProjectSection
EndProject
Global
	GlobalSection(SolutionConfigurationPlatforms) = preSolution
		Debug|Any CPU = Debug|Any CPU
		Release|Any CPU = Release|Any CPU
	EndGlobalSection
	GlobalSection(ProjectConfigurationPlatforms) = postSolution
		{2900D88A-2522-4299-8D51-6AF26B74C91C}.Debug|Any CPU.ActiveCfg = Debug|Any CPU
		{2900D88A-2522-4299-8D51-6AF26B74C91C}.Debug|Any CPU.Build.0 = Debug|Any CPU
		{2900D88A-2522-4299-8D51-6AF26B74C91C}.Release|Any CPU.ActiveCfg = Release|Any CPU
		{2900D88A-2522-4299-8D51-6AF26B74C91C}.Release|Any CPU.Build.0 = Release|Any CPU
		{32A3A81C-A65C-4F78-8300-17151987697C}.Debug|Any CPU.ActiveCfg = Debug|Any CPU
		{32A3A81C-A65C-4F78-8300-17151987697C}.Debug|Any CPU.Build.0 = Debug|Any CPU
		{32A3A81C-A65C-4F78-8300-17151987697C}.Release|Any CPU.ActiveCfg = Release|Any CPU
		{32A3A81C-A65C-4F78-8300-17151987697C}.Release|Any CPU.Build.0 = Release|Any CPU
		{BAAF1392-6BAC-4220-8149-B207BEFE2FDD}.Debug|Any CPU.ActiveCfg = Debug|Any CPU
		{BAAF1392-6BAC-4220-8149-B207BEFE2FDD}.Debug|Any CPU.Build.0 = Debug|Any CPU
		{BAAF1392-6BAC-4220-8149-B207BEFE2FDD}.Release|Any CPU.ActiveCfg = Release|Any CPU
		{BAAF1392-6BAC-4220-8149-B207BEFE2FDD}.Release|Any CPU.Build.0 = Release|Any CPU
		{1C26D4A0-A677-4BA5-B267-3C11BAECB233}.Debug|Any CPU.ActiveCfg = Debug|Any CPU
		{1C26D4A0-A677-4BA5-B267-3C11BAECB233}.Debug|Any CPU.Build.0 = Debug|Any CPU
		{1C26D4A0-A677-4BA5-B267-3C11BAECB233}.Release|Any CPU.ActiveCfg = Release|Any CPU
		{1C26D4A0-A677-4BA5-B267-3C11BAECB233}.Release|Any CPU.Build.0 = Release|Any CPU
		{D1AD1713-BC18-4340-B8DB-23D86D22FB7F}.Debug|Any CPU.ActiveCfg = Debug|Any CPU
		{D1AD1713-BC18-4340-B8DB-23D86D22FB7F}.Debug|Any CPU.Build.0 = Debug|Any CPU
		{D1AD1713-BC18-4340-B8DB-23D86D22FB7F}.Release|Any CPU.ActiveCfg = Release|Any CPU
		{D1AD1713-BC18-4340-B8DB-23D86D22FB7F}.Release|Any CPU.Build.0 = Release|Any CPU
		{347E7D34-C497-47D4-97CF-3B7245AB6BDD}.Debug|Any CPU.ActiveCfg = Debug|Any CPU
		{347E7D34-C497-47D4-97CF-3B7245AB6BDD}.Debug|Any CPU.Build.0 = Debug|Any CPU
		{347E7D34-C497-47D4-97CF-3B7245AB6BDD}.Release|Any CPU.ActiveCfg = Release|Any CPU
		{347E7D34-C497-47D4-97CF-3B7245AB6BDD}.Release|Any CPU.Build.0 = Release|Any CPU
		{647E7D34-C497-47D4-97CF-3B7245AB6BDD}.Debug|Any CPU.ActiveCfg = Debug|Any CPU
		{647E7D34-C497-47D4-97CF-3B7245AB6BDD}.Debug|Any CPU.Build.0 = Debug|Any CPU
		{647E7D34-C497-47D4-97CF-3B7245AB6BDD}.Release|Any CPU.ActiveCfg = Release|Any CPU
		{647E7D34-C497-47D4-97CF-3B7245AB6BDD}.Release|Any CPU.Build.0 = Release|Any CPU
		{C822750F-1D0D-434A-93E1-928A2D693F5B}.Debug|Any CPU.ActiveCfg = Debug|Any CPU
		{C822750F-1D0D-434A-93E1-928A2D693F5B}.Debug|Any CPU.Build.0 = Debug|Any CPU
		{C822750F-1D0D-434A-93E1-928A2D693F5B}.Release|Any CPU.ActiveCfg = Release|Any CPU
		{C822750F-1D0D-434A-93E1-928A2D693F5B}.Release|Any CPU.Build.0 = Release|Any CPU
		{18DD7882-E4F8-4704-BA5D-80B5F811919F}.Debug|Any CPU.ActiveCfg = Debug|Any CPU
		{18DD7882-E4F8-4704-BA5D-80B5F811919F}.Debug|Any CPU.Build.0 = Debug|Any CPU
		{18DD7882-E4F8-4704-BA5D-80B5F811919F}.Release|Any CPU.ActiveCfg = Release|Any CPU
		{18DD7882-E4F8-4704-BA5D-80B5F811919F}.Release|Any CPU.Build.0 = Release|Any CPU
		{66037F7C-03F2-4342-8023-26297304F8A3}.Debug|Any CPU.ActiveCfg = Debug|Any CPU
		{66037F7C-03F2-4342-8023-26297304F8A3}.Debug|Any CPU.Build.0 = Debug|Any CPU
		{66037F7C-03F2-4342-8023-26297304F8A3}.Release|Any CPU.ActiveCfg = Release|Any CPU
		{66037F7C-03F2-4342-8023-26297304F8A3}.Release|Any CPU.Build.0 = Release|Any CPU
		{A8DD531A-243E-4B9B-B13B-791293F05989}.Debug|Any CPU.ActiveCfg = Debug|Any CPU
		{A8DD531A-243E-4B9B-B13B-791293F05989}.Debug|Any CPU.Build.0 = Debug|Any CPU
		{A8DD531A-243E-4B9B-B13B-791293F05989}.Release|Any CPU.ActiveCfg = Release|Any CPU
		{A8DD531A-243E-4B9B-B13B-791293F05989}.Release|Any CPU.Build.0 = Release|Any CPU
	EndGlobalSection
	GlobalSection(SolutionProperties) = preSolution
		HideSolutionNode = FALSE
	EndGlobalSection
	GlobalSection(NestedProjects) = preSolution
		{2900D88A-2522-4299-8D51-6AF26B74C91C} = {45D13EC5-88F3-403A-8148-0812C2796062}
		{32A3A81C-A65C-4F78-8300-17151987697C} = {45D13EC5-88F3-403A-8148-0812C2796062}
		{BAAF1392-6BAC-4220-8149-B207BEFE2FDD} = {45D13EC5-88F3-403A-8148-0812C2796062}
		{1C26D4A0-A677-4BA5-B267-3C11BAECB233} = {45D13EC5-88F3-403A-8148-0812C2796062}
		{D1AD1713-BC18-4340-B8DB-23D86D22FB7F} = {45D13EC5-88F3-403A-8148-0812C2796062}
		{347E7D34-C497-47D4-97CF-3B7245AB6BDD} = {635DB5B1-86B3-4F5B-97A6-04C71D672296}
		{647E7D34-C497-47D4-97CF-3B7245AB6BDD} = {635DB5B1-86B3-4F5B-97A6-04C71D672296}
		{C822750F-1D0D-434A-93E1-928A2D693F5B} = {635DB5B1-86B3-4F5B-97A6-04C71D672296}
		{18DD7882-E4F8-4704-BA5D-80B5F811919F} = {45D13EC5-88F3-403A-8148-0812C2796062}
		{66037F7C-03F2-4342-8023-26297304F8A3} = {45D13EC5-88F3-403A-8148-0812C2796062}
		{A8DD531A-243E-4B9B-B13B-791293F05989} = {635DB5B1-86B3-4F5B-97A6-04C71D672296}
	EndGlobalSection
	GlobalSection(ExtensibilityGlobals) = postSolution
		SolutionGuid = {F298C89B-4162-49D5-B517-5306BD58DB59}
	EndGlobalSection
EndGlobal
