
Microsoft Visual Studio Solution File, Format Version 12.00
# Visual Studio 15
VisualStudioVersion = 15.0.26430.15
MinimumVisualStudioVersion = 10.0.40219.1
Project("{FAE04EC0-301F-11D3-BF4B-00C04F79EFBC}") = "ZergRushCo.Todosya.Domain", "ZergRushCo.Todosya.Domain\ZergRushCo.Todosya.Domain.csproj", "{0184CEB7-AD6D-4F0A-836A-8CC9E8153286}"
EndProject
Project("{2150E333-8FDC-42A3-9474-1A3956D46DE8}") = "Saritasa.Tools", "Saritasa.Tools", "{C746BB14-C1E9-436A-9369-0155E00EBE2B}"
EndProject
Project("{FAE04EC0-301F-11D3-BF4B-00C04F79EFBC}") = "ZergRushCo.Todosya.DataAccess", "ZergRushCo.Todosya.DataAccess\ZergRushCo.Todosya.DataAccess.csproj", "{73FD073C-8F4E-4A5B-8035-8502E3257DA6}"
EndProject
Project("{FAE04EC0-301F-11D3-BF4B-00C04F79EFBC}") = "ZergRushCo.Todosya.Web", "ZergRushCo.Todosya.Web\ZergRushCo.Todosya.Web.csproj", "{3E225F86-583E-4153-9196-AA8C94F3E242}"
EndProject
Project("{9A19103F-16F7-4668-BE54-9A1E7A4F7556}") = "Saritasa.Tools.EF6", "..\..\src\Saritasa.Tools.EF6\Saritasa.Tools.EF6.csproj", "{D1AD1713-BC18-4340-B8DB-23D86D22FB7F}"
EndProject
Project("{9A19103F-16F7-4668-BE54-9A1E7A4F7556}") = "Saritasa.Tools.Mvc5", "..\..\src\Saritasa.Tools.Mvc5\Saritasa.Tools.Mvc5.csproj", "{6C773C8F-226C-454E-8656-3A6B9BF38476}"
EndProject
Project("{FAE04EC0-301F-11D3-BF4B-00C04F79EFBC}") = "ZergRushCo.Todosya.Domain.Tests", "ZergRushCo.Todosya.Domain.Tests\ZergRushCo.Todosya.Domain.Tests.csproj", "{64615AF2-4F28-4FB4-83D7-029E7B3AB4D4}"
EndProject
Project("{9A19103F-16F7-4668-BE54-9A1E7A4F7556}") = "Saritasa.Tools.NLog4", "..\..\src\Saritasa.Tools.NLog4\Saritasa.Tools.NLog4.csproj", "{83D4925B-B04F-4C9C-8BF1-9B6A6BE0A87D}"
EndProject
Project("{2150E333-8FDC-42A3-9474-1A3956D46DE8}") = "Source", "Source", "{D4D788D1-94ED-46B2-A1AB-5A278066D5C2}"
EndProject
Project("{9A19103F-16F7-4668-BE54-9A1E7A4F7556}") = "Saritasa.Tools.Domain", "..\..\src\Saritasa.Tools.Domain\Saritasa.Tools.Domain.csproj", "{32A3A81C-A65C-4F78-8300-17151987697C}"
EndProject
Project("{9A19103F-16F7-4668-BE54-9A1E7A4F7556}") = "Saritasa.Tools.Messages", "..\..\src\Saritasa.Tools.Messages\Saritasa.Tools.Messages.csproj", "{AEE65918-25DF-4A25-BFB8-56552FAA2A51}"
EndProject
Project("{9A19103F-16F7-4668-BE54-9A1E7A4F7556}") = "Saritasa.Tools.Emails", "..\..\src\Saritasa.Tools.Emails\Saritasa.Tools.Emails.csproj", "{BAAF1392-6BAC-4220-8149-B207BEFE2FDD}"
EndProject
Project("{9A19103F-16F7-4668-BE54-9A1E7A4F7556}") = "Saritasa.Tools.Common", "..\..\src\Saritasa.Tools.Common\Saritasa.Tools.Common.csproj", "{2900D88A-2522-4299-8D51-6AF26B74C91C}"
EndProject
Project("{9A19103F-16F7-4668-BE54-9A1E7A4F7556}") = "Saritasa.Tools.Messages.Abstractions", "..\..\src\Saritasa.Tools.Messages.Abstractions\Saritasa.Tools.Messages.Abstractions.csproj", "{E16B2300-A1D4-49BB-B3FC-C2891E7D1177}"
EndProject
Project("{FAE04EC0-301F-11D3-BF4B-00C04F79EFBC}") = "ZergRushCo.Todosya.Domain.IntegrationTests", "ZergRushCo.Todosya.Domain.IntegrationTests\ZergRushCo.Todosya.Domain.IntegrationTests.csproj", "{DAF2F514-F690-4D84-9F7D-BBAD425FCD37}"
EndProject
Project("{FAE04EC0-301F-11D3-BF4B-00C04F79EFBC}") = "ZergRushCo.Todosya.Infrastructure", "ZergRushCo.Todosya.Infrastructure\ZergRushCo.Todosya.Infrastructure.csproj", "{DF70FCF5-DABC-42B5-A515-FE3939AA9B5D}"
EndProject
Project("{9A19103F-16F7-4668-BE54-9A1E7A4F7556}") = "Saritasa.Tools.Messages.TestRuns", "..\..\src\Saritasa.Tools.Messages.TestRuns\Saritasa.Tools.Messages.TestRuns.csproj", "{DCD61699-BD99-4691-82CC-BD7D887C64F8}"
EndProject
Global
	GlobalSection(SolutionConfigurationPlatforms) = preSolution
		Debug|Any CPU = Debug|Any CPU
		Release|Any CPU = Release|Any CPU
	EndGlobalSection
	GlobalSection(ProjectConfigurationPlatforms) = postSolution
		{0184CEB7-AD6D-4F0A-836A-8CC9E8153286}.Debug|Any CPU.ActiveCfg = Debug|Any CPU
		{0184CEB7-AD6D-4F0A-836A-8CC9E8153286}.Debug|Any CPU.Build.0 = Debug|Any CPU
		{0184CEB7-AD6D-4F0A-836A-8CC9E8153286}.Release|Any CPU.ActiveCfg = Release|Any CPU
		{0184CEB7-AD6D-4F0A-836A-8CC9E8153286}.Release|Any CPU.Build.0 = Release|Any CPU
		{73FD073C-8F4E-4A5B-8035-8502E3257DA6}.Debug|Any CPU.ActiveCfg = Debug|Any CPU
		{73FD073C-8F4E-4A5B-8035-8502E3257DA6}.Debug|Any CPU.Build.0 = Debug|Any CPU
		{73FD073C-8F4E-4A5B-8035-8502E3257DA6}.Release|Any CPU.ActiveCfg = Release|Any CPU
		{73FD073C-8F4E-4A5B-8035-8502E3257DA6}.Release|Any CPU.Build.0 = Release|Any CPU
		{3E225F86-583E-4153-9196-AA8C94F3E242}.Debug|Any CPU.ActiveCfg = Debug|Any CPU
		{3E225F86-583E-4153-9196-AA8C94F3E242}.Debug|Any CPU.Build.0 = Debug|Any CPU
		{3E225F86-583E-4153-9196-AA8C94F3E242}.Release|Any CPU.ActiveCfg = Release|Any CPU
		{3E225F86-583E-4153-9196-AA8C94F3E242}.Release|Any CPU.Build.0 = Release|Any CPU
		{D1AD1713-BC18-4340-B8DB-23D86D22FB7F}.Debug|Any CPU.ActiveCfg = Debug|Any CPU
		{D1AD1713-BC18-4340-B8DB-23D86D22FB7F}.Debug|Any CPU.Build.0 = Debug|Any CPU
		{D1AD1713-BC18-4340-B8DB-23D86D22FB7F}.Release|Any CPU.ActiveCfg = Release|Any CPU
		{D1AD1713-BC18-4340-B8DB-23D86D22FB7F}.Release|Any CPU.Build.0 = Release|Any CPU
		{6C773C8F-226C-454E-8656-3A6B9BF38476}.Debug|Any CPU.ActiveCfg = Debug|Any CPU
		{6C773C8F-226C-454E-8656-3A6B9BF38476}.Debug|Any CPU.Build.0 = Debug|Any CPU
		{6C773C8F-226C-454E-8656-3A6B9BF38476}.Release|Any CPU.ActiveCfg = Release|Any CPU
		{6C773C8F-226C-454E-8656-3A6B9BF38476}.Release|Any CPU.Build.0 = Release|Any CPU
		{64615AF2-4F28-4FB4-83D7-029E7B3AB4D4}.Debug|Any CPU.ActiveCfg = Debug|Any CPU
		{64615AF2-4F28-4FB4-83D7-029E7B3AB4D4}.Debug|Any CPU.Build.0 = Debug|Any CPU
		{64615AF2-4F28-4FB4-83D7-029E7B3AB4D4}.Release|Any CPU.ActiveCfg = Release|Any CPU
		{64615AF2-4F28-4FB4-83D7-029E7B3AB4D4}.Release|Any CPU.Build.0 = Release|Any CPU
		{83D4925B-B04F-4C9C-8BF1-9B6A6BE0A87D}.Debug|Any CPU.ActiveCfg = Debug|Any CPU
		{83D4925B-B04F-4C9C-8BF1-9B6A6BE0A87D}.Debug|Any CPU.Build.0 = Debug|Any CPU
		{83D4925B-B04F-4C9C-8BF1-9B6A6BE0A87D}.Release|Any CPU.ActiveCfg = Release|Any CPU
		{83D4925B-B04F-4C9C-8BF1-9B6A6BE0A87D}.Release|Any CPU.Build.0 = Release|Any CPU
		{32A3A81C-A65C-4F78-8300-17151987697C}.Debug|Any CPU.ActiveCfg = Debug|Any CPU
		{32A3A81C-A65C-4F78-8300-17151987697C}.Debug|Any CPU.Build.0 = Debug|Any CPU
		{32A3A81C-A65C-4F78-8300-17151987697C}.Release|Any CPU.ActiveCfg = Release|Any CPU
		{32A3A81C-A65C-4F78-8300-17151987697C}.Release|Any CPU.Build.0 = Release|Any CPU
		{AEE65918-25DF-4A25-BFB8-56552FAA2A51}.Debug|Any CPU.ActiveCfg = Debug|Any CPU
		{AEE65918-25DF-4A25-BFB8-56552FAA2A51}.Debug|Any CPU.Build.0 = Debug|Any CPU
		{AEE65918-25DF-4A25-BFB8-56552FAA2A51}.Release|Any CPU.ActiveCfg = Release|Any CPU
		{AEE65918-25DF-4A25-BFB8-56552FAA2A51}.Release|Any CPU.Build.0 = Release|Any CPU
		{BAAF1392-6BAC-4220-8149-B207BEFE2FDD}.Debug|Any CPU.ActiveCfg = Debug|Any CPU
		{BAAF1392-6BAC-4220-8149-B207BEFE2FDD}.Debug|Any CPU.Build.0 = Debug|Any CPU
		{BAAF1392-6BAC-4220-8149-B207BEFE2FDD}.Release|Any CPU.ActiveCfg = Release|Any CPU
		{BAAF1392-6BAC-4220-8149-B207BEFE2FDD}.Release|Any CPU.Build.0 = Release|Any CPU
		{2900D88A-2522-4299-8D51-6AF26B74C91C}.Debug|Any CPU.ActiveCfg = Debug|Any CPU
		{2900D88A-2522-4299-8D51-6AF26B74C91C}.Debug|Any CPU.Build.0 = Debug|Any CPU
		{2900D88A-2522-4299-8D51-6AF26B74C91C}.Release|Any CPU.ActiveCfg = Release|Any CPU
		{2900D88A-2522-4299-8D51-6AF26B74C91C}.Release|Any CPU.Build.0 = Release|Any CPU
		{E16B2300-A1D4-49BB-B3FC-C2891E7D1177}.Debug|Any CPU.ActiveCfg = Debug|Any CPU
		{E16B2300-A1D4-49BB-B3FC-C2891E7D1177}.Debug|Any CPU.Build.0 = Debug|Any CPU
		{E16B2300-A1D4-49BB-B3FC-C2891E7D1177}.Release|Any CPU.ActiveCfg = Release|Any CPU
		{E16B2300-A1D4-49BB-B3FC-C2891E7D1177}.Release|Any CPU.Build.0 = Release|Any CPU
		{DAF2F514-F690-4D84-9F7D-BBAD425FCD37}.Debug|Any CPU.ActiveCfg = Debug|Any CPU
		{DAF2F514-F690-4D84-9F7D-BBAD425FCD37}.Debug|Any CPU.Build.0 = Debug|Any CPU
		{DAF2F514-F690-4D84-9F7D-BBAD425FCD37}.Release|Any CPU.ActiveCfg = Release|Any CPU
		{DAF2F514-F690-4D84-9F7D-BBAD425FCD37}.Release|Any CPU.Build.0 = Release|Any CPU
		{DF70FCF5-DABC-42B5-A515-FE3939AA9B5D}.Debug|Any CPU.ActiveCfg = Debug|Any CPU
		{DF70FCF5-DABC-42B5-A515-FE3939AA9B5D}.Debug|Any CPU.Build.0 = Debug|Any CPU
		{DF70FCF5-DABC-42B5-A515-FE3939AA9B5D}.Release|Any CPU.ActiveCfg = Release|Any CPU
		{DF70FCF5-DABC-42B5-A515-FE3939AA9B5D}.Release|Any CPU.Build.0 = Release|Any CPU
		{DCD61699-BD99-4691-82CC-BD7D887C64F8}.Debug|Any CPU.ActiveCfg = Debug|Any CPU
		{DCD61699-BD99-4691-82CC-BD7D887C64F8}.Debug|Any CPU.Build.0 = Debug|Any CPU
		{DCD61699-BD99-4691-82CC-BD7D887C64F8}.Release|Any CPU.ActiveCfg = Release|Any CPU
		{DCD61699-BD99-4691-82CC-BD7D887C64F8}.Release|Any CPU.Build.0 = Release|Any CPU
	EndGlobalSection
	GlobalSection(SolutionProperties) = preSolution
		HideSolutionNode = FALSE
	EndGlobalSection
	GlobalSection(NestedProjects) = preSolution
		{0184CEB7-AD6D-4F0A-836A-8CC9E8153286} = {D4D788D1-94ED-46B2-A1AB-5A278066D5C2}
		{73FD073C-8F4E-4A5B-8035-8502E3257DA6} = {D4D788D1-94ED-46B2-A1AB-5A278066D5C2}
		{3E225F86-583E-4153-9196-AA8C94F3E242} = {D4D788D1-94ED-46B2-A1AB-5A278066D5C2}
		{D1AD1713-BC18-4340-B8DB-23D86D22FB7F} = {C746BB14-C1E9-436A-9369-0155E00EBE2B}
		{6C773C8F-226C-454E-8656-3A6B9BF38476} = {C746BB14-C1E9-436A-9369-0155E00EBE2B}
		{64615AF2-4F28-4FB4-83D7-029E7B3AB4D4} = {D4D788D1-94ED-46B2-A1AB-5A278066D5C2}
		{83D4925B-B04F-4C9C-8BF1-9B6A6BE0A87D} = {C746BB14-C1E9-436A-9369-0155E00EBE2B}
		{32A3A81C-A65C-4F78-8300-17151987697C} = {C746BB14-C1E9-436A-9369-0155E00EBE2B}
		{AEE65918-25DF-4A25-BFB8-56552FAA2A51} = {C746BB14-C1E9-436A-9369-0155E00EBE2B}
		{BAAF1392-6BAC-4220-8149-B207BEFE2FDD} = {C746BB14-C1E9-436A-9369-0155E00EBE2B}
		{2900D88A-2522-4299-8D51-6AF26B74C91C} = {C746BB14-C1E9-436A-9369-0155E00EBE2B}
		{E16B2300-A1D4-49BB-B3FC-C2891E7D1177} = {C746BB14-C1E9-436A-9369-0155E00EBE2B}
		{DAF2F514-F690-4D84-9F7D-BBAD425FCD37} = {D4D788D1-94ED-46B2-A1AB-5A278066D5C2}
		{DF70FCF5-DABC-42B5-A515-FE3939AA9B5D} = {D4D788D1-94ED-46B2-A1AB-5A278066D5C2}
		{DCD61699-BD99-4691-82CC-BD7D887C64F8} = {C746BB14-C1E9-436A-9369-0155E00EBE2B}
	EndGlobalSection
EndGlobal
